
Microsoft Visual Studio Solution File, Format Version 12.00
# Visual Studio 14
VisualStudioVersion = 14.0.25123.0
MinimumVisualStudioVersion = 10.0.40219.1
Project("{FAE04EC0-301F-11D3-BF4B-00C04F79EFBC}") = "CloseCustomers", "CloseCustomers\CloseCustomers.csproj", "{CB221DCB-CC7C-4812-BF71-46FF87B14E0A}"
EndProject
Project("{FAE04EC0-301F-11D3-BF4B-00C04F79EFBC}") = "CloseCustomers.Core", "CloseCustomers.Core\CloseCustomers.Core.csproj", "{981F3BB8-9E44-418B-8F65-E665C8161D57}"
EndProject
Project("{FAE04EC0-301F-11D3-BF4B-00C04F79EFBC}") = "CloseCustomers.Test", "CloseCustomers.Test\CloseCustomers.Test.csproj", "{0E44D5CA-5ADA-4552-94E2-900DE807957A}"
EndProject
Global
	GlobalSection(SolutionConfigurationPlatforms) = preSolution
		Debug|Any CPU = Debug|Any CPU
		Release|Any CPU = Release|Any CPU
	EndGlobalSection
	GlobalSection(ProjectConfigurationPlatforms) = postSolution
		{CB221DCB-CC7C-4812-BF71-46FF87B14E0A}.Debug|Any CPU.ActiveCfg = Debug|Any CPU
		{CB221DCB-CC7C-4812-BF71-46FF87B14E0A}.Debug|Any CPU.Build.0 = Debug|Any CPU
		{CB221DCB-CC7C-4812-BF71-46FF87B14E0A}.Release|Any CPU.ActiveCfg = Release|Any CPU
		{CB221DCB-CC7C-4812-BF71-46FF87B14E0A}.Release|Any CPU.Build.0 = Release|Any CPU
		{981F3BB8-9E44-418B-8F65-E665C8161D57}.Debug|Any CPU.ActiveCfg = Debug|Any CPU
		{981F3BB8-9E44-418B-8F65-E665C8161D57}.Debug|Any CPU.Build.0 = Debug|Any CPU
		{981F3BB8-9E44-418B-8F65-E665C8161D57}.Release|Any CPU.ActiveCfg = Release|Any CPU
		{981F3BB8-9E44-418B-8F65-E665C8161D57}.Release|Any CPU.Build.0 = Release|Any CPU
		{0E44D5CA-5ADA-4552-94E2-900DE807957A}.Debug|Any CPU.ActiveCfg = Debug|Any CPU
		{0E44D5CA-5ADA-4552-94E2-900DE807957A}.Debug|Any CPU.Build.0 = Debug|Any CPU
		{0E44D5CA-5ADA-4552-94E2-900DE807957A}.Release|Any CPU.ActiveCfg = Release|Any CPU
		{0E44D5CA-5ADA-4552-94E2-900DE807957A}.Release|Any CPU.Build.0 = Release|Any CPU
	EndGlobalSection
	GlobalSection(SolutionProperties) = preSolution
		HideSolutionNode = FALSE
	EndGlobalSection
EndGlobal
